
Microsoft Visual Studio Solution File, Format Version 12.00
# Visual Studio Version 17
VisualStudioVersion = 17.11.35312.102
MinimumVisualStudioVersion = 10.0.40219.1
Project("{FAE04EC0-301F-11D3-BF4B-00C04F79EFBC}") = "8 Prime Numbers", "8 Prime Numbers\8 Prime Numbers.csproj", "{016BD7BD-9142-4D3F-AAAE-A3A8F69869AB}"
EndProject
Global
	GlobalSection(SolutionConfigurationPlatforms) = preSolution
		Debug|Any CPU = Debug|Any CPU
		Release|Any CPU = Release|Any CPU
	EndGlobalSection
	GlobalSection(ProjectConfigurationPlatforms) = postSolution
		{016BD7BD-9142-4D3F-AAAE-A3A8F69869AB}.Debug|Any CPU.ActiveCfg = Debug|Any CPU
		{016BD7BD-9142-4D3F-AAAE-A3A8F69869AB}.Debug|Any CPU.Build.0 = Debug|Any CPU
		{016BD7BD-9142-4D3F-AAAE-A3A8F69869AB}.Release|Any CPU.ActiveCfg = Release|Any CPU
		{016BD7BD-9142-4D3F-AAAE-A3A8F69869AB}.Release|Any CPU.Build.0 = Release|Any CPU
	EndGlobalSection
	GlobalSection(SolutionProperties) = preSolution
		HideSolutionNode = FALSE
	EndGlobalSection
	GlobalSection(ExtensibilityGlobals) = postSolution
		SolutionGuid = {7EAC7733-B5A4-4729-9A29-A2383DD0E165}
	EndGlobalSection
EndGlobal
