
Microsoft Visual Studio Solution File, Format Version 12.00
# Visual Studio Version 17
VisualStudioVersion = 17.11.35312.102
MinimumVisualStudioVersion = 10.0.40219.1
Project("{9A19103F-16F7-4668-BE54-9A1E7A4F7556}") = "1 Method Calls", "1 Method Calls\1 Method Calls.csproj", "{FA03A14F-CACD-49B9-A046-FF432529F25D}"
EndProject
Project("{9A19103F-16F7-4668-BE54-9A1E7A4F7556}") = "2 Message Repeater", "2 Message Repeater\2 Message Repeater.csproj", "{CE87A4BE-AA16-467D-8224-CE8FF367FC47}"
EndProject
Project("{9A19103F-16F7-4668-BE54-9A1E7A4F7556}") = "3 Ordering Takeout", "3 Ordering Takeout\3 Ordering Takeout.csproj", "{439CB11F-4EA2-40F5-A038-80A3E0E42D8C}"
EndProject
Project("{9A19103F-16F7-4668-BE54-9A1E7A4F7556}") = "4 Saving a Shopping List", "4 Saving a Shopping List\4 Saving a Shopping List.csproj", "{F93F70E2-9DC3-4878-9CCD-045BB6041943}"
EndProject
Project("{FAE04EC0-301F-11D3-BF4B-00C04F79EFBC}") = "5 Challenges", "5 Challenges\5 Challenges.csproj", "{6C5ADC38-7642-4827-9DC6-E7BC6E933E48}"
EndProject
Global
	GlobalSection(SolutionConfigurationPlatforms) = preSolution
		Debug|Any CPU = Debug|Any CPU
		Release|Any CPU = Release|Any CPU
	EndGlobalSection
	GlobalSection(ProjectConfigurationPlatforms) = postSolution
		{FA03A14F-CACD-49B9-A046-FF432529F25D}.Debug|Any CPU.ActiveCfg = Debug|Any CPU
		{FA03A14F-CACD-49B9-A046-FF432529F25D}.Debug|Any CPU.Build.0 = Debug|Any CPU
		{FA03A14F-CACD-49B9-A046-FF432529F25D}.Release|Any CPU.ActiveCfg = Release|Any CPU
		{FA03A14F-CACD-49B9-A046-FF432529F25D}.Release|Any CPU.Build.0 = Release|Any CPU
		{CE87A4BE-AA16-467D-8224-CE8FF367FC47}.Debug|Any CPU.ActiveCfg = Debug|Any CPU
		{CE87A4BE-AA16-467D-8224-CE8FF367FC47}.Debug|Any CPU.Build.0 = Debug|Any CPU
		{CE87A4BE-AA16-467D-8224-CE8FF367FC47}.Release|Any CPU.ActiveCfg = Release|Any CPU
		{CE87A4BE-AA16-467D-8224-CE8FF367FC47}.Release|Any CPU.Build.0 = Release|Any CPU
		{439CB11F-4EA2-40F5-A038-80A3E0E42D8C}.Debug|Any CPU.ActiveCfg = Debug|Any CPU
		{439CB11F-4EA2-40F5-A038-80A3E0E42D8C}.Debug|Any CPU.Build.0 = Debug|Any CPU
		{439CB11F-4EA2-40F5-A038-80A3E0E42D8C}.Release|Any CPU.ActiveCfg = Release|Any CPU
		{439CB11F-4EA2-40F5-A038-80A3E0E42D8C}.Release|Any CPU.Build.0 = Release|Any CPU
		{F93F70E2-9DC3-4878-9CCD-045BB6041943}.Debug|Any CPU.ActiveCfg = Debug|Any CPU
		{F93F70E2-9DC3-4878-9CCD-045BB6041943}.Debug|Any CPU.Build.0 = Debug|Any CPU
		{F93F70E2-9DC3-4878-9CCD-045BB6041943}.Release|Any CPU.ActiveCfg = Release|Any CPU
		{F93F70E2-9DC3-4878-9CCD-045BB6041943}.Release|Any CPU.Build.0 = Release|Any CPU
		{6C5ADC38-7642-4827-9DC6-E7BC6E933E48}.Debug|Any CPU.ActiveCfg = Debug|Any CPU
		{6C5ADC38-7642-4827-9DC6-E7BC6E933E48}.Debug|Any CPU.Build.0 = Debug|Any CPU
		{6C5ADC38-7642-4827-9DC6-E7BC6E933E48}.Release|Any CPU.ActiveCfg = Release|Any CPU
		{6C5ADC38-7642-4827-9DC6-E7BC6E933E48}.Release|Any CPU.Build.0 = Release|Any CPU
	EndGlobalSection
	GlobalSection(SolutionProperties) = preSolution
		HideSolutionNode = FALSE
	EndGlobalSection
	GlobalSection(ExtensibilityGlobals) = postSolution
		SolutionGuid = {56C52C9D-349D-44C7-98DB-25488B746F3D}
	EndGlobalSection
EndGlobal
