
Microsoft Visual Studio Solution File, Format Version 12.00
# Visual Studio Version 17
VisualStudioVersion = 17.11.35312.102
MinimumVisualStudioVersion = 10.0.40219.1
Project("{FAE04EC0-301F-11D3-BF4B-00C04F79EFBC}") = "3 Higher or Lower", "3 Higher or Lower\3 Higher or Lower.csproj", "{2867709C-DE8C-44A8-9802-49AB3BEB4D69}"
EndProject
Global
	GlobalSection(SolutionConfigurationPlatforms) = preSolution
		Debug|Any CPU = Debug|Any CPU
		Release|Any CPU = Release|Any CPU
	EndGlobalSection
	GlobalSection(ProjectConfigurationPlatforms) = postSolution
		{2867709C-DE8C-44A8-9802-49AB3BEB4D69}.Debug|Any CPU.ActiveCfg = Debug|Any CPU
		{2867709C-DE8C-44A8-9802-49AB3BEB4D69}.Debug|Any CPU.Build.0 = Debug|Any CPU
		{2867709C-DE8C-44A8-9802-49AB3BEB4D69}.Release|Any CPU.ActiveCfg = Release|Any CPU
		{2867709C-DE8C-44A8-9802-49AB3BEB4D69}.Release|Any CPU.Build.0 = Release|Any CPU
	EndGlobalSection
	GlobalSection(SolutionProperties) = preSolution
		HideSolutionNode = FALSE
	EndGlobalSection
	GlobalSection(ExtensibilityGlobals) = postSolution
		SolutionGuid = {A865D1E5-7E67-4C85-98F3-EB5BE68557D9}
	EndGlobalSection
EndGlobal
