
Microsoft Visual Studio Solution File, Format Version 12.00
# Visual Studio Version 17
VisualStudioVersion = 17.11.35312.102
MinimumVisualStudioVersion = 10.0.40219.1
Project("{9A19103F-16F7-4668-BE54-9A1E7A4F7556}") = "1 Counting Vowel and Consonants", "1 Counting Vowel and Consonants\1 Counting Vowel and Consonants.csproj", "{DC6CF55F-FB56-4D32-A636-E1670CD38870}"
EndProject
Project("{FAE04EC0-301F-11D3-BF4B-00C04F79EFBC}") = "2 - Writing DRY Code", "2 - Writing DRY Code\2 - Writing DRY Code.csproj", "{C0A91EE2-9062-4D59-8156-519296259C07}"
EndProject
Project("{FAE04EC0-301F-11D3-BF4B-00C04F79EFBC}") = "3 Methods as an Argument", "3 Methods as an Argument\3 Methods as an Argument.csproj", "{E6CCD9EE-3E73-4D56-9908-931C0CA76979}"
EndProject
Global
	GlobalSection(SolutionConfigurationPlatforms) = preSolution
		Debug|Any CPU = Debug|Any CPU
		Release|Any CPU = Release|Any CPU
	EndGlobalSection
	GlobalSection(ProjectConfigurationPlatforms) = postSolution
		{DC6CF55F-FB56-4D32-A636-E1670CD38870}.Debug|Any CPU.ActiveCfg = Debug|Any CPU
		{DC6CF55F-FB56-4D32-A636-E1670CD38870}.Debug|Any CPU.Build.0 = Debug|Any CPU
		{DC6CF55F-FB56-4D32-A636-E1670CD38870}.Release|Any CPU.ActiveCfg = Release|Any CPU
		{DC6CF55F-FB56-4D32-A636-E1670CD38870}.Release|Any CPU.Build.0 = Release|Any CPU
		{C0A91EE2-9062-4D59-8156-519296259C07}.Debug|Any CPU.ActiveCfg = Debug|Any CPU
		{C0A91EE2-9062-4D59-8156-519296259C07}.Debug|Any CPU.Build.0 = Debug|Any CPU
		{C0A91EE2-9062-4D59-8156-519296259C07}.Release|Any CPU.ActiveCfg = Release|Any CPU
		{C0A91EE2-9062-4D59-8156-519296259C07}.Release|Any CPU.Build.0 = Release|Any CPU
		{E6CCD9EE-3E73-4D56-9908-931C0CA76979}.Debug|Any CPU.ActiveCfg = Debug|Any CPU
		{E6CCD9EE-3E73-4D56-9908-931C0CA76979}.Debug|Any CPU.Build.0 = Debug|Any CPU
		{E6CCD9EE-3E73-4D56-9908-931C0CA76979}.Release|Any CPU.ActiveCfg = Release|Any CPU
		{E6CCD9EE-3E73-4D56-9908-931C0CA76979}.Release|Any CPU.Build.0 = Release|Any CPU
	EndGlobalSection
	GlobalSection(SolutionProperties) = preSolution
		HideSolutionNode = FALSE
	EndGlobalSection
	GlobalSection(ExtensibilityGlobals) = postSolution
		SolutionGuid = {0ADDEF24-ACB5-42EA-A651-3BCE8A7A3711}
	EndGlobalSection
EndGlobal
