
Microsoft Visual Studio Solution File, Format Version 12.00
# Visual Studio Version 17
VisualStudioVersion = 17.11.35312.102
MinimumVisualStudioVersion = 10.0.40219.1
Project("{FAE04EC0-301F-11D3-BF4B-00C04F79EFBC}") = "1 Cinema App With Loops", "1 Cinema App With Loops\1 Cinema App With Loops.csproj", "{A989723B-0E26-4AE4-A9BE-36B1DDB7BB92}"
EndProject
Global
	GlobalSection(SolutionConfigurationPlatforms) = preSolution
		Debug|Any CPU = Debug|Any CPU
		Release|Any CPU = Release|Any CPU
	EndGlobalSection
	GlobalSection(ProjectConfigurationPlatforms) = postSolution
		{A989723B-0E26-4AE4-A9BE-36B1DDB7BB92}.Debug|Any CPU.ActiveCfg = Debug|Any CPU
		{A989723B-0E26-4AE4-A9BE-36B1DDB7BB92}.Debug|Any CPU.Build.0 = Debug|Any CPU
		{A989723B-0E26-4AE4-A9BE-36B1DDB7BB92}.Release|Any CPU.ActiveCfg = Release|Any CPU
		{A989723B-0E26-4AE4-A9BE-36B1DDB7BB92}.Release|Any CPU.Build.0 = Release|Any CPU
	EndGlobalSection
	GlobalSection(SolutionProperties) = preSolution
		HideSolutionNode = FALSE
	EndGlobalSection
	GlobalSection(ExtensibilityGlobals) = postSolution
		SolutionGuid = {8FAF1B0C-3D3E-4BFC-9850-CA78F245DDC2}
	EndGlobalSection
EndGlobal
